{
  "name": "egg-boilerplate-sequelize-api",
  "version": "1.0.2",
  "lockfileVersion": 1,
  "requires": true,
  "dependencies": {
    "@types/lodash": {
      "version": "4.14.165",
      "resolved": "https://registry.npm.taobao.org/@types/lodash/download/@types/lodash-4.14.165.tgz?cache=0&sync_timestamp=1604600854786&other_urls=https%3A%2F%2Fregistry.npm.taobao.org%2F%40types%2Flodash%2Fdownload%2F%40types%2Flodash-4.14.165.tgz",
      "integrity": "sha1-dNVdlHRS4t4HQrrWUnBDO2Ooww8=",
      "dev": true
    },
    "@types/node": {
      "version": "14.14.9",
      "resolved": "https://registry.npm.taobao.org/@types/node/download/@types/node-14.14.9.tgz?cache=0&sync_timestamp=1605819952677&other_urls=https%3A%2F%2Fregistry.npm.taobao.org%2F%40types%2Fnode%2Fdownload%2F%40types%2Fnode-14.14.9.tgz",
      "integrity": "sha1-BK/Jolxv+T2hTeq9ZdxESFtTyNY=",
      "dev": true
    },
    "lodash": {
      "version": "4.17.20",
      "resolved": "https://registry.npm.taobao.org/lodash/download/lodash-4.17.20.tgz",
      "integrity": "sha1-tEqbYpe8tpjxxRo1RaKzs2jVnFI="
    }
  }
}
